// !$*UTF8*$!
{
	archiveVersion = 1;
	classes = {
	};
	objectVersion = 48;
	objects = {

/* Begin PBXBuildFile section */
		22201DFA2131A94C00929B7F /* AppDelegate.m in Sources */ = {isa = PBXBuildFile; fileRef = 22201DF92131A94C00929B7F /* AppDelegate.m */; };
		22201DFD2131A94C00929B7F /* ViewController.m in Sources */ = {isa = PBXBuildFile; fileRef = 22201DFC2131A94C00929B7F /* ViewController.m */; };
		22201E002131A94C00929B7F /* Main.storyboard in Resources */ = {isa = PBXBuildFile; fileRef = 22201DFE2131A94C00929B7F /* Main.storyboard */; };
		22201E022131A94C00929B7F /* Assets.xcassets in Resources */ = {isa = PBXBuildFile; fileRef = 22201E012131A94C00929B7F /* Assets.xcassets */; };
		22201E052131A94C00929B7F /* LaunchScreen.storyboard in Resources */ = {isa = PBXBuildFile; fileRef = 22201E032131A94C00929B7F /* LaunchScreen.storyboard */; };
		22201E082131A94C00929B7F /* main.m in Sources */ = {isa = PBXBuildFile; fileRef = 22201E072131A94C00929B7F /* main.m */; };
		22201E102131AA5A00929B7F /* Extensions.m in Sources */ = {isa = PBXBuildFile; fileRef = 22201E0F2131AA5A00929B7F /* Extensions.m */; };
		22201E132131ADC600929B7F /* FTDeviceSupportTest.m in Sources */ = {isa = PBXBuildFile; fileRef = 22201E122131ADC500929B7F /* FTDeviceSupportTest.m */; };
		22201E152131AE2900929B7F /* FTDeviceSupportTest.xib in Resources */ = {isa = PBXBuildFile; fileRef = 22201E142131AE2900929B7F /* FTDeviceSupportTest.xib */; };
		22201E182131B19900929B7F /* MainController.m in Sources */ = {isa = PBXBuildFile; fileRef = 22201E172131B19900929B7F /* MainController.m */; };
/* End PBXBuildFile section */

/* Begin PBXFileReference section */
		22201DF52131A94C00929B7F /* TestPrivateFramework.app */ = {isa = PBXFileReference; explicitFileType = wrapper.application; includeInIndex = 0; path = TestPrivateFramework.app; sourceTree = BUILT_PRODUCTS_DIR; };
		22201DF82131A94C00929B7F /* AppDelegate.h */ = {isa = PBXFileReference; lastKnownFileType = sourcecode.c.h; path = AppDelegate.h; sourceTree = "<group>"; };
		22201DF92131A94C00929B7F /* AppDelegate.m */ = {isa = PBXFileReference; lastKnownFileType = sourcecode.c.objc; path = AppDelegate.m; sourceTree = "<group>"; };
		22201DFB2131A94C00929B7F /* ViewController.h */ = {isa = PBXFileReference; lastKnownFileType = sourcecode.c.h; path = ViewController.h; sourceTree = "<group>"; };
		22201DFC2131A94C00929B7F /* ViewController.m */ = {isa = PBXFileReference; lastKnownFileType = sourcecode.c.objc; path = ViewController.m; sourceTree = "<group>"; };
		22201DFF2131A94C00929B7F /* Base */ = {isa = PBXFileReference; lastKnownFileType = file.storyboard; name = Base; path = Base.lproj/Main.storyboard; sourceTree = "<group>"; };
		22201E012131A94C00929B7F /* Assets.xcassets */ = {isa = PBXFileReference; lastKnownFileType = folder.assetcatalog; path = Assets.xcassets; sourceTree = "<group>"; };
		22201E042131A94C00929B7F /* Base */ = {isa = PBXFileReference; lastKnownFileType = file.storyboard; name = Base; path = Base.lproj/LaunchScreen.storyboard; sourceTree = "<group>"; };
		22201E062131A94C00929B7F /* Info.plist */ = {isa = PBXFileReference; lastKnownFileType = text.plist.xml; path = Info.plist; sourceTree = "<group>"; };
		22201E072131A94C00929B7F /* main.m */ = {isa = PBXFileReference; lastKnownFileType = sourcecode.c.objc; path = main.m; sourceTree = "<group>"; };
		22201E0E2131AA5A00929B7F /* Extensions.h */ = {isa = PBXFileReference; fileEncoding = 4; lastKnownFileType = sourcecode.c.h; path = Extensions.h; sourceTree = "<group>"; };
		22201E0F2131AA5A00929B7F /* Extensions.m */ = {isa = PBXFileReference; fileEncoding = 4; lastKnownFileType = sourcecode.c.objc; path = Extensions.m; sourceTree = "<group>"; };
		22201E112131ADC500929B7F /* FTDeviceSupportTest.h */ = {isa = PBXFileReference; fileEncoding = 4; lastKnownFileType = sourcecode.c.h; path = FTDeviceSupportTest.h; sourceTree = "<group>"; };
		22201E122131ADC500929B7F /* FTDeviceSupportTest.m */ = {isa = PBXFileReference; fileEncoding = 4; lastKnownFileType = sourcecode.c.objc; path = FTDeviceSupportTest.m; sourceTree = "<group>"; };
		22201E142131AE2900929B7F /* FTDeviceSupportTest.xib */ = {isa = PBXFileReference; lastKnownFileType = file.xib; path = FTDeviceSupportTest.xib; sourceTree = "<group>"; };
		22201E162131B19800929B7F /* MainController.h */ = {isa = PBXFileReference; fileEncoding = 4; lastKnownFileType = sourcecode.c.h; path = MainController.h; sourceTree = "<group>"; };
		22201E172131B19900929B7F /* MainController.m */ = {isa = PBXFileReference; fileEncoding = 4; lastKnownFileType = sourcecode.c.objc; path = MainController.m; sourceTree = "<group>"; };
/* End PBXFileReference section */

/* Begin PBXFrameworksBuildPhase section */
		22201DF22131A94C00929B7F /* Frameworks */ = {
			isa = PBXFrameworksBuildPhase;
			buildActionMask = 2147483647;
			files = (
			);
			runOnlyForDeploymentPostprocessing = 0;
		};
/* End PBXFrameworksBuildPhase section */

/* Begin PBXGroup section */
		22201DEC2131A94C00929B7F = {
			isa = PBXGroup;
			children = (
				22201DF72131A94C00929B7F /* TestPrivateFramework */,
				22201DF62131A94C00929B7F /* Products */,
			);
			sourceTree = "<group>";
		};
		22201DF62131A94C00929B7F /* Products */ = {
			isa = PBXGroup;
			children = (
				22201DF52131A94C00929B7F /* TestPrivateFramework.app */,
			);
			name = Products;
			sourceTree = "<group>";
		};
		22201DF72131A94C00929B7F /* TestPrivateFramework */ = {
			isa = PBXGroup;
			children = (
				22201E072131A94C00929B7F /* main.m */,
				22201E0E2131AA5A00929B7F /* Extensions.h */,
				22201E0F2131AA5A00929B7F /* Extensions.m */,
				22201DF82131A94C00929B7F /* AppDelegate.h */,
				22201DF92131A94C00929B7F /* AppDelegate.m */,
				22201DFB2131A94C00929B7F /* ViewController.h */,
				22201DFC2131A94C00929B7F /* ViewController.m */,
				22201DFE2131A94C00929B7F /* Main.storyboard */,
				22201E162131B19800929B7F /* MainController.h */,
				22201E172131B19900929B7F /* MainController.m */,
				22201E112131ADC500929B7F /* FTDeviceSupportTest.h */,
				22201E122131ADC500929B7F /* FTDeviceSupportTest.m */,
				22201E142131AE2900929B7F /* FTDeviceSupportTest.xib */,
				22201E012131A94C00929B7F /* Assets.xcassets */,
				22201E032131A94C00929B7F /* LaunchScreen.storyboard */,
				22201E062131A94C00929B7F /* Info.plist */,
			);
			path = TestPrivateFramework;
			sourceTree = "<group>";
		};
/* End PBXGroup section */

/* Begin PBXNativeTarget section */
		22201DF42131A94C00929B7F /* TestPrivateFramework */ = {
			isa = PBXNativeTarget;
			buildConfigurationList = 22201E0B2131A94C00929B7F /* Build configuration list for PBXNativeTarget "TestPrivateFramework" */;
			buildPhases = (
				22201DF12131A94C00929B7F /* Sources */,
				22201DF22131A94C00929B7F /* Frameworks */,
				22201DF32131A94C00929B7F /* Resources */,
			);
			buildRules = (
			);
			dependencies = (
			);
			name = TestPrivateFramework;
			productName = TestPrivateFramework;
			productReference = 22201DF52131A94C00929B7F /* TestPrivateFramework.app */;
			productType = "com.apple.product-type.application";
		};
/* End PBXNativeTarget section */

/* Begin PBXProject section */
		22201DED2131A94C00929B7F /* Project object */ = {
			isa = PBXProject;
			attributes = {
				LastUpgradeCheck = 0900;
				ORGANIZATIONNAME = ZDQK;
				TargetAttributes = {
					22201DF42131A94C00929B7F = {
						CreatedOnToolsVersion = 9.0;
						ProvisioningStyle = Automatic;
					};
				};
			};
			buildConfigurationList = 22201DF02131A94C00929B7F /* Build configuration list for PBXProject "TestPrivateFramework_9_0" */;
			compatibilityVersion = "Xcode 8.0";
			developmentRegion = en;
			hasScannedForEncodings = 0;
			knownRegions = (
				en,
				Base,
			);
			mainGroup = 22201DEC2131A94C00929B7F;
			productRefGroup = 22201DF62131A94C00929B7F /* Products */;
			projectDirPath = "";
			projectRoot = "";
			targets = (
				22201DF42131A94C00929B7F /* TestPrivateFramework */,
			);
		};
/* End PBXProject section */

/* Begin PBXResourcesBuildPhase section */
		22201DF32131A94C00929B7F /* Resources */ = {
			isa = PBXResourcesBuildPhase;
			buildActionMask = 2147483647;
			files = (
				22201E052131A94C00929B7F /* LaunchScreen.storyboard in Resources */,
				22201E022131A94C00929B7F /* Assets.xcassets in Resources */,
				22201E002131A94C00929B7F /* Main.storyboard in Resources */,
				22201E152131AE2900929B7F /* FTDeviceSupportTest.xib in Resources */,
			);
			runOnlyForDeploymentPostprocessing = 0;
		};
/* End PBXResourcesBuildPhase section */

/* Begin PBXSourcesBuildPhase section */
		22201DF12131A94C00929B7F /* Sources */ = {
			isa = PBXSourcesBuildPhase;
			buildActionMask = 2147483647;
			files = (
				22201DFD2131A94C00929B7F /* ViewController.m in Sources */,
				22201E132131ADC600929B7F /* FTDeviceSupportTest.m in Sources */,
				22201E082131A94C00929B7F /* main.m in Sources */,
				22201DFA2131A94C00929B7F /* AppDelegate.m in Sources */,
				22201E182131B19900929B7F /* MainController.m in Sources */,
				22201E102131AA5A00929B7F /* Extensions.m in Sources */,
			);
			runOnlyForDeploymentPostprocessing = 0;
		};
/* End PBXSourcesBuildPhase section */

/* Begin PBXVariantGroup section */
		22201DFE2131A94C00929B7F /* Main.storyboard */ = {
			isa = PBXVariantGroup;
			children = (
				22201DFF2131A94C00929B7F /* Base */,
			);
			name = Main.storyboard;
			sourceTree = "<group>";
		};
		22201E032131A94C00929B7F /* LaunchScreen.storyboard */ = {
			isa = PBXVariantGroup;
			children = (
				22201E042131A94C00929B7F /* Base */,
			);
			name = LaunchScreen.storyboard;
			sourceTree = "<group>";
		};
/* End PBXVariantGroup section */

/* Begin XCBuildConfiguration section */
		22201E092131A94C00929B7F /* Debug */ = {
			isa = XCBuildConfiguration;
			buildSettings = {
				ALWAYS_SEARCH_USER_PATHS = NO;
				CLANG_ANALYZER_NONNULL = YES;
				CLANG_ANALYZER_NUMBER_OBJECT_CONVERSION = YES_AGGRESSIVE;
				CLANG_CXX_LANGUAGE_STANDARD = "gnu++14";
				CLANG_CXX_LIBRARY = "libc++";
				CLANG_ENABLE_MODULES = YES;
				CLANG_ENABLE_OBJC_ARC = YES;
				CLANG_WARN_BLOCK_CAPTURE_AUTORELEASING = YES;
				CLANG_WARN_BOOL_CONVERSION = YES;
				CLANG_WARN_COMMA = YES;
				CLANG_WARN_CONSTANT_CONVERSION = YES;
				CLANG_WARN_DIRECT_OBJC_ISA_USAGE = YES_ERROR;
				CLANG_WARN_DOCUMENTATION_COMMENTS = YES;
				CLANG_WARN_EMPTY_BODY = YES;
				CLANG_WARN_ENUM_CONVERSION = YES;
				CLANG_WARN_INFINITE_RECURSION = YES;
				CLANG_WARN_INT_CONVERSION = YES;
				CLANG_WARN_NON_LITERAL_NULL_CONVERSION = YES;
				CLANG_WARN_OBJC_LITERAL_CONVERSION = YES;
				CLANG_WARN_OBJC_ROOT_CLASS = YES_ERROR;
				CLANG_WARN_RANGE_LOOP_ANALYSIS = YES;
				CLANG_WARN_STRICT_PROTOTYPES = YES;
				CLANG_WARN_SUSPICIOUS_MOVE = YES;
				CLANG_WARN_UNGUARDED_AVAILABILITY = YES_AGGRESSIVE;
				CLANG_WARN_UNREACHABLE_CODE = YES;
				CLANG_WARN__DUPLICATE_METHOD_MATCH = YES;
				CODE_SIGN_IDENTITY = "iPhone Developer";
				COPY_PHASE_STRIP = NO;
				DEBUG_INFORMATION_FORMAT = dwarf;
				ENABLE_STRICT_OBJC_MSGSEND = YES;
				ENABLE_TESTABILITY = YES;
				GCC_C_LANGUAGE_STANDARD = gnu11;
				GCC_DYNAMIC_NO_PIC = NO;
				GCC_NO_COMMON_BLOCKS = YES;
				GCC_OPTIMIZATION_LEVEL = 0;
				GCC_PREPROCESSOR_DEFINITIONS = (
					"DEBUG=1",
					"$(inherited)",
				);
				GCC_WARN_64_TO_32_BIT_CONVERSION = YES;
				GCC_WARN_ABOUT_RETURN_TYPE = YES_ERROR;
				GCC_WARN_UNDECLARED_SELECTOR = YES;
				GCC_WARN_UNINITIALIZED_AUTOS = YES_AGGRESSIVE;
				GCC_WARN_UNUSED_FUNCTION = YES;
				GCC_WARN_UNUSED_VARIABLE = YES;
				IPHONEOS_DEPLOYMENT_TARGET = 11.0;
				MTL_ENABLE_DEBUG_INFO = YES;
				ONLY_ACTIVE_ARCH = YES;
				SDKROOT = iphoneos;
			};
			name = Debug;
		};
		22201E0A2131A94C00929B7F /* Release */ = {
			isa = XCBuildConfiguration;
			buildSettings = {
				ALWAYS_SEARCH_USER_PATHS = NO;
				CLANG_ANALYZER_NONNULL = YES;
				CLANG_ANALYZER_NUMBER_OBJECT_CONVERSION = YES_AGGRESSIVE;
				CLANG_CXX_LANGUAGE_STANDARD = "gnu++14";
				CLANG_CXX_LIBRARY = "libc++";
				CLANG_ENABLE_MODULES = YES;
				CLANG_ENABLE_OBJC_ARC = YES;
				CLANG_WARN_BLOCK_CAPTURE_AUTORELEASING = YES;
				CLANG_WARN_BOOL_CONVERSION = YES;
				CLANG_WARN_COMMA = YES;
				CLANG_WARN_CONSTANT_CONVERSION = YES;
				CLANG_WARN_DIRECT_OBJC_ISA_USAGE = YES_ERROR;
				CLANG_WARN_DOCUMENTATION_COMMENTS = YES;
				CLANG_WARN_EMPTY_BODY = YES;
				CLANG_WARN_ENUM_CONVERSION = YES;
				CLANG_WARN_INFINITE_RECURSION = YES;
				CLANG_WARN_INT_CONVERSION = YES;
				CLANG_WARN_NON_LITERAL_NULL_CONVERSION = YES;
				CLANG_WARN_OBJC_LITERAL_CONVERSION = YES;
				CLANG_WARN_OBJC_ROOT_CLASS = YES_ERROR;
				CLANG_WARN_RANGE_LOOP_ANALYSIS = YES;
				CLANG_WARN_STRICT_PROTOTYPES = YES;
				CLANG_WARN_SUSPICIOUS_MOVE = YES;
				CLANG_WARN_UNGUARDED_AVAILABILITY = YES_AGGRESSIVE;
				CLANG_WARN_UNREACHABLE_CODE = YES;
				CLANG_WARN__DUPLICATE_METHOD_MATCH = YES;
				CODE_SIGN_IDENTITY = "iPhone Developer";
				COPY_PHASE_STRIP = NO;
				DEBUG_INFORMATION_FORMAT = "dwarf-with-dsym";
				ENABLE_NS_ASSERTIONS = NO;
				ENABLE_STRICT_OBJC_MSGSEND = YES;
				GCC_C_LANGUAGE_STANDARD = gnu11;
				GCC_NO_COMMON_BLOCKS = YES;
				GCC_WARN_64_TO_32_BIT_CONVERSION = YES;
				GCC_WARN_ABOUT_RETURN_TYPE = YES_ERROR;
				GCC_WARN_UNDECLARED_SELECTOR = YES;
				GCC_WARN_UNINITIALIZED_AUTOS = YES_AGGRESSIVE;
				GCC_WARN_UNUSED_FUNCTION = YES;
				GCC_WARN_UNUSED_VARIABLE = YES;
				IPHONEOS_DEPLOYMENT_TARGET = 11.0;
				MTL_ENABLE_DEBUG_INFO = NO;
				SDKROOT = iphoneos;
				VALIDATE_PRODUCT = YES;
			};
			name = Release;
		};
		22201E0C2131A94C00929B7F /* Debug */ = {
			isa = XCBuildConfiguration;
			buildSettings = {
				ASSETCATALOG_COMPILER_APPICON_NAME = AppIcon;
				CODE_SIGN_STYLE = Automatic;
				INFOPLIST_FILE = TestPrivateFramework/Info.plist;
				LD_RUNPATH_SEARCH_PATHS = "$(inherited) @executable_path/Frameworks";
				PRODUCT_BUNDLE_IDENTIFIER = com.nta.gondor.TestPrivateFramework;
				PRODUCT_NAME = "$(TARGET_NAME)";
				TARGETED_DEVICE_FAMILY = "1,2";
			};
			name = Debug;
		};
		22201E0D2131A94C00929B7F /* Release */ = {
			isa = XCBuildConfiguration;
			buildSettings = {
				ASSETCATALOG_COMPILER_APPICON_NAME = AppIcon;
				CODE_SIGN_STYLE = Automatic;
				INFOPLIST_FILE = TestPrivateFramework/Info.plist;
				LD_RUNPATH_SEARCH_PATHS = "$(inherited) @executable_path/Frameworks";
				PRODUCT_BUNDLE_IDENTIFIER = com.nta.gondor.TestPrivateFramework;
				PRODUCT_NAME = "$(TARGET_NAME)";
				TARGETED_DEVICE_FAMILY = "1,2";
			};
			name = Release;
		};
/* End XCBuildConfiguration section */

/* Begin XCConfigurationList section */
		22201DF02131A94C00929B7F /* Build configuration list for PBXProject "TestPrivateFramework_9_0" */ = {
			isa = XCConfigurationList;
			buildConfigurations = (
				22201E092131A94C00929B7F /* Debug */,
				22201E0A2131A94C00929B7F /* Release */,
			);
			defaultConfigurationIsVisible = 0;
			defaultConfigurationName = Release;
		};
		22201E0B2131A94C00929B7F /* Build configuration list for PBXNativeTarget "TestPrivateFramework" */ = {
			isa = XCConfigurationList;
			buildConfigurations = (
				22201E0C2131A94C00929B7F /* Debug */,
				22201E0D2131A94C00929B7F /* Release */,
			);
			defaultConfigurationIsVisible = 0;
			defaultConfigurationName = Release;
		};
/* End XCConfigurationList section */
	};
	rootObject = 22201DED2131A94C00929B7F /* Project object */;
}
